# This file is autogenerated, do not edit; changes may be undone by the next 'dep ensure'.


[[projects]]
  digest = "1:a62f6ed230a8cd138a9efbe718e7d0b0294f139266f5f55cd942769a9aac8de2"
  name = "github.com/PuerkitoBio/goquery"
  packages = ["."]
  pruneopts = "UT"
  revision = "dc2ec5c7ca4d9aae063b79b9f581dd3ea6afd2b2"
  version = "v1.4.1"

[[projects]]
  digest = "1:66b3310cf22cdc96c35ef84ede4f7b9b370971c4025f394c89a2638729653b11"
  name = "github.com/andybalholm/cascadia"
  packages = ["."]
  pruneopts = "UT"
  revision = "901648c87902174f774fac311d7f176f8647bdaa"
  version = "v1.0.0"

[[projects]]
  branch = "master"
  digest = "1:e9f5272ce1164e0fb3cea8000eb99d8a9b49857e31128a69cde1c4866b690fef"
  name = "github.com/bep/gr"
  packages = [
    ".",
    "attr",
    "el",
    "evt",
    "examples",
    "support",
  ]
  pruneopts = "UT"
  revision = "52c9d7f2f11a3b6fe1bd940d42e07c69a5691dd3"

[[projects]]
  digest = "1:abeb38ade3f32a92943e5be54f55ed6d6e3b6602761d74b4aab4c9dd45c18abd"
  name = "github.com/fsnotify/fsnotify"
  packages = ["."]
  pruneopts = "UT"
  revision = "c2828203cd70a50dcccfb2761f8b1f8ceef9a8e9"
  version = "v1.4.7"

[[projects]]
  branch = "master"
  digest = "1:ae7a48e1821ac2fc5561faca902273baf360c03daccec57eae2f5618c2a04f13"
  name = "github.com/gopherjs/gopherjs"
  packages = [
    ".",
    "build",
    "compiler",
    "compiler/analysis",
    "compiler/astutil",
    "compiler/filter",
    "compiler/gopherjspkg",
    "compiler/natives",
    "compiler/prelude",
    "compiler/typesutil",
    "internal/sysutil",
    "js",
  ]
  pruneopts = "UT"
  revision = "00e148305e9e8e58ff4a94fef7333866fa6cedeb"
  source = "https://github.com/jacoblister/gopherjs"

[[projects]]
  digest = "1:870d441fe217b8e689d7949fef6e43efbc787e50f200cb1e70dbca9204a1d6be"
  name = "github.com/inconshreveable/mousetrap"
  packages = ["."]
  pruneopts = "UT"
  revision = "76626ae9c91c4f2a10f34cad8ce83ea42c93bb75"
  version = "v1.0"

[[projects]]
  digest = "1:15ec2166e33ef6c60b344a04d050eec79193517e7f5082b6233b2d09ef0d10b8"
  name = "github.com/kisielk/gotool"
  packages = [
    ".",
    "internal/load",
  ]
  pruneopts = "UT"
  revision = "80517062f582ea3340cd4baf70e86d539ae7d84d"
  version = "v1.0.0"

[[projects]]
  branch = "master"
  digest = "1:29c4cf076d5389b62cbec36c471f967ef0d1a0d1bbe0d7b35ccfbcddb9b67965"
  name = "github.com/neelance/astrewrite"
  packages = ["."]
  pruneopts = "UT"
  revision = "99348263ae862cc230986ce88deaddbf7edcc034"

[[projects]]
  branch = "master"
  digest = "1:6189e41c1f8ef7e827a98b387f2d548a81ae1961a1042b76f9bf746e40f8ac92"
  name = "github.com/neelance/sourcemap"
  packages = ["."]
  pruneopts = "UT"
  revision = "8c68805598ab8d5637b1a72b5f7d381ea0f39c31"

[[projects]]
  branch = "master"
  digest = "1:9d29b003dc5f98647a5dd6754d65c07171fcd35761102ea56ecd3d6993adee7f"
  name = "github.com/shurcooL/httpfs"
  packages = [
    "filter",
    "vfsutil",
  ]
  pruneopts = "UT"
  revision = "809beceb23714880abc4a382a00c05f89d13b1cc"

[[projects]]
  digest = "1:645cabccbb4fa8aab25a956cbcbdf6a6845ca736b2c64e197ca7cbb9d210b939"
  name = "github.com/spf13/cobra"
  packages = ["."]
  pruneopts = "UT"
  revision = "ef82de70bb3f60c65fb8eebacbb2d122ef517385"
  version = "v0.0.3"

[[projects]]
  digest = "1:c1b1102241e7f645bc8e0c22ae352e8f0dc6484b6cb4d132fa9f24174e0119e2"
  name = "github.com/spf13/pflag"
  packages = ["."]
  pruneopts = "UT"
  revision = "298182f68c66c05229eb03ac171abe6e309ee79a"
  version = "v1.0.3"

[[projects]]
  branch = "master"
  digest = "1:3f3a05ae0b95893d90b9b3b5afdb79a9b3d96e4e36e099d841ae602e4aca0da8"
  name = "golang.org/x/crypto"
  packages = ["ssh/terminal"]
  pruneopts = "UT"
  revision = "4d3f4d9ffa16a13f451c3b2999e9c49e9750bf06"

[[projects]]
  branch = "master"
  digest = "1:1a1ecfa7b54ca3f7a0115ab5c578d7d6a5d8b605839c549e80260468c42f8be7"
  name = "golang.org/x/net"
  packages = [
    "html",
    "html/atom",
  ]
  pruneopts = "UT"
  revision = "e11730110bbd884bbf19550bfafe9d69519ce29e"

[[projects]]
  branch = "master"
  digest = "1:417d27a82efb8473554234a282be33d23b0d6adc121e636b55950f913ac071d6"
  name = "golang.org/x/sys"
  packages = [
    "unix",
    "windows",
  ]
  pruneopts = "UT"
  revision = "9b800f95dbbc54abff0acf7ee32d88ba4e328c89"

[[projects]]
  branch = "master"
  digest = "1:984c543dc6108e45ef14b5d6a9c9d27a38ab0c3207c0bdb775b0c99cad7584ee"
  name = "golang.org/x/tools"
  packages = [
    "go/ast/astutil",
    "go/buildutil",
    "go/gcexportdata",
    "go/internal/gcimporter",
    "go/types/typeutil",
  ]
  pruneopts = "UT"
  revision = "45ff765b4815d34d8b80220fd05c79063b185ce1"

[[projects]]
  branch = "master"
  digest = "1:bca443931652bccc56b2a407e9c152442cd16bf9ee5d2fe316eddef6a701933b"
  name = "honnef.co/go/js/dom"
  packages = ["."]
  pruneopts = "UT"
  revision = "6da835bec70f84cd4f0c0b8a7239a9260b6bc37f"

[solve-meta]
  analyzer-name = "dep"
  analyzer-version = 1
  input-imports = [
    "github.com/bep/gr",
    "github.com/bep/gr/el",
    "github.com/bep/gr/evt",
    "github.com/bep/gr/examples",
    "github.com/gopherjs/gopherjs",
    "github.com/gopherjs/gopherjs/js",
    "honnef.co/go/js/dom",
  ]
  solver-name = "gps-cdcl"
  solver-version = 1
